
Microsoft Visual Studio Solution File, Format Version 12.00
# Visual Studio Version 17
VisualStudioVersion = 17.2.32630.192
MinimumVisualStudioVersion = 10.0.40219.1
Project("{9A19103F-16F7-4668-BE54-9A1E7A4F7556}") = "Ubistart-FullStack-Challenge.Web", "Ubistart-FullStack-Challenge\Ubistart-FullStack-Challenge.Web.csproj", "{FD402707-B66C-4085-A0E7-3F517A0F4581}"
EndProject
Project("{9A19103F-16F7-4668-BE54-9A1E7A4F7556}") = "Ubistart-FullStack-Challenge.Service", "Ubistart-FullStack-Challenge.Application\Ubistart-FullStack-Challenge.Service.csproj", "{975B4F73-0BBA-4F5D-B41C-72682EA541E6}"
EndProject
Project("{9A19103F-16F7-4668-BE54-9A1E7A4F7556}") = "Ubistart-FullStack-Challenge.Data", "Ubistart-FullStack-Challenge.Data\Ubistart-FullStack-Challenge.Data.csproj", "{F9B4B017-29AE-4A00-B4FC-66F4FC9E30EF}"
EndProject
Project("{9A19103F-16F7-4668-BE54-9A1E7A4F7556}") = "Ubistart-FullStack-Challenge.Domain", "Ubistart-FullStack-Challenge.Domain\Ubistart-FullStack-Challenge.Domain.csproj", "{348D270B-1FDE-4BBC-A915-69FA4D5575B3}"
EndProject
Project("{FAE04EC0-301F-11D3-BF4B-00C04F79EFBC}") = "Ubistart-FullStack-Challenge.Dao", "Ubistart-FullStack-Challenge.Dao\Ubistart-FullStack-Challenge.Dao.csproj", "{434033A7-E0AF-4260-AC22-2C83B3AB07C8}"
EndProject
Global
	GlobalSection(SolutionConfigurationPlatforms) = preSolution
		Debug|Any CPU = Debug|Any CPU
		Release|Any CPU = Release|Any CPU
	EndGlobalSection
	GlobalSection(ProjectConfigurationPlatforms) = postSolution
		{FD402707-B66C-4085-A0E7-3F517A0F4581}.Debug|Any CPU.ActiveCfg = Debug|Any CPU
		{FD402707-B66C-4085-A0E7-3F517A0F4581}.Debug|Any CPU.Build.0 = Debug|Any CPU
		{FD402707-B66C-4085-A0E7-3F517A0F4581}.Release|Any CPU.ActiveCfg = Release|Any CPU
		{FD402707-B66C-4085-A0E7-3F517A0F4581}.Release|Any CPU.Build.0 = Release|Any CPU
		{975B4F73-0BBA-4F5D-B41C-72682EA541E6}.Debug|Any CPU.ActiveCfg = Debug|Any CPU
		{975B4F73-0BBA-4F5D-B41C-72682EA541E6}.Debug|Any CPU.Build.0 = Debug|Any CPU
		{975B4F73-0BBA-4F5D-B41C-72682EA541E6}.Release|Any CPU.ActiveCfg = Release|Any CPU
		{975B4F73-0BBA-4F5D-B41C-72682EA541E6}.Release|Any CPU.Build.0 = Release|Any CPU
		{F9B4B017-29AE-4A00-B4FC-66F4FC9E30EF}.Debug|Any CPU.ActiveCfg = Debug|Any CPU
		{F9B4B017-29AE-4A00-B4FC-66F4FC9E30EF}.Debug|Any CPU.Build.0 = Debug|Any CPU
		{F9B4B017-29AE-4A00-B4FC-66F4FC9E30EF}.Release|Any CPU.ActiveCfg = Release|Any CPU
		{F9B4B017-29AE-4A00-B4FC-66F4FC9E30EF}.Release|Any CPU.Build.0 = Release|Any CPU
		{348D270B-1FDE-4BBC-A915-69FA4D5575B3}.Debug|Any CPU.ActiveCfg = Debug|Any CPU
		{348D270B-1FDE-4BBC-A915-69FA4D5575B3}.Debug|Any CPU.Build.0 = Debug|Any CPU
		{348D270B-1FDE-4BBC-A915-69FA4D5575B3}.Release|Any CPU.ActiveCfg = Release|Any CPU
		{348D270B-1FDE-4BBC-A915-69FA4D5575B3}.Release|Any CPU.Build.0 = Release|Any CPU
		{434033A7-E0AF-4260-AC22-2C83B3AB07C8}.Debug|Any CPU.ActiveCfg = Debug|Any CPU
		{434033A7-E0AF-4260-AC22-2C83B3AB07C8}.Debug|Any CPU.Build.0 = Debug|Any CPU
		{434033A7-E0AF-4260-AC22-2C83B3AB07C8}.Release|Any CPU.ActiveCfg = Release|Any CPU
		{434033A7-E0AF-4260-AC22-2C83B3AB07C8}.Release|Any CPU.Build.0 = Release|Any CPU
	EndGlobalSection
	GlobalSection(SolutionProperties) = preSolution
		HideSolutionNode = FALSE
	EndGlobalSection
	GlobalSection(ExtensibilityGlobals) = postSolution
		SolutionGuid = {FC5D2A19-D32B-4ECD-BFC4-E54A0DA2ADCC}
	EndGlobalSection
EndGlobal
